
Microsoft Visual Studio Solution File, Format Version 12.00
# Visual Studio Version 16
VisualStudioVersion = 16.0.31005.135
MinimumVisualStudioVersion = 10.0.40219.1
Project("{FAE04EC0-301F-11D3-BF4B-00C04F79EFBC}") = "Opps_Training_Day01", "Opps_Training_Day01\Opps_Training_Day01.csproj", "{870429A7-C2F4-415D-A606-65DE0DCFB007}"
EndProject
Global
	GlobalSection(SolutionConfigurationPlatforms) = preSolution
		Debug|Any CPU = Debug|Any CPU
		Release|Any CPU = Release|Any CPU
	EndGlobalSection
	GlobalSection(ProjectConfigurationPlatforms) = postSolution
		{870429A7-C2F4-415D-A606-65DE0DCFB007}.Debug|Any CPU.ActiveCfg = Debug|Any CPU
		{870429A7-C2F4-415D-A606-65DE0DCFB007}.Debug|Any CPU.Build.0 = Debug|Any CPU
		{870429A7-C2F4-415D-A606-65DE0DCFB007}.Release|Any CPU.ActiveCfg = Release|Any CPU
		{870429A7-C2F4-415D-A606-65DE0DCFB007}.Release|Any CPU.Build.0 = Release|Any CPU
	EndGlobalSection
	GlobalSection(SolutionProperties) = preSolution
		HideSolutionNode = FALSE
	EndGlobalSection
	GlobalSection(ExtensibilityGlobals) = postSolution
		SolutionGuid = {83D5FF44-1803-4F89-9A72-5BA6A5334596}
	EndGlobalSection
EndGlobal
